
Microsoft Visual Studio Solution File, Format Version 12.00
# Visual Studio 15
VisualStudioVersion = 15.0.27130.2003
MinimumVisualStudioVersion = 10.0.40219.1
Project("{888888A0-9F3D-457C-B088-3A5042F75D52}") = "requested", "requested\requested.pyproj", "{3222E50B-1E0A-49F0-9BD2-B60A6C435D36}"
EndProject
Global
	GlobalSection(SolutionConfigurationPlatforms) = preSolution
		Debug|Any CPU = Debug|Any CPU
		Release|Any CPU = Release|Any CPU
	EndGlobalSection
	GlobalSection(ProjectConfigurationPlatforms) = postSolution
		{3222E50B-1E0A-49F0-9BD2-B60A6C435D36}.Debug|Any CPU.ActiveCfg = Debug|Any CPU
		{3222E50B-1E0A-49F0-9BD2-B60A6C435D36}.Release|Any CPU.ActiveCfg = Release|Any CPU
	EndGlobalSection
	GlobalSection(SolutionProperties) = preSolution
		HideSolutionNode = FALSE
	EndGlobalSection
	GlobalSection(ExtensibilityGlobals) = postSolution
		SolutionGuid = {DE4E8250-A0C9-4FEC-B1CD-766CC57EC4B9}
	EndGlobalSection
EndGlobal
