
Microsoft Visual Studio Solution File, Format Version 12.00
# Visual Studio 15
VisualStudioVersion = 15.0.27130.2003
MinimumVisualStudioVersion = 10.0.40219.1
Project("{888888A0-9F3D-457C-B088-3A5042F75D52}") = "taobao", "taobao\taobao.pyproj", "{8450517E-09C0-40C6-8B62-5E3C67E4A6B7}"
EndProject
Global
	GlobalSection(SolutionConfigurationPlatforms) = preSolution
		Debug|Any CPU = Debug|Any CPU
		Release|Any CPU = Release|Any CPU
	EndGlobalSection
	GlobalSection(ProjectConfigurationPlatforms) = postSolution
		{8450517E-09C0-40C6-8B62-5E3C67E4A6B7}.Debug|Any CPU.ActiveCfg = Debug|Any CPU
		{8450517E-09C0-40C6-8B62-5E3C67E4A6B7}.Release|Any CPU.ActiveCfg = Release|Any CPU
	EndGlobalSection
	GlobalSection(SolutionProperties) = preSolution
		HideSolutionNode = FALSE
	EndGlobalSection
	GlobalSection(ExtensibilityGlobals) = postSolution
		SolutionGuid = {7FB0A4B6-52B6-432B-BCCD-7E68805FA51D}
	EndGlobalSection
EndGlobal
